
Microsoft Visual Studio Solution File, Format Version 12.00
# Visual Studio Version 16
VisualStudioVersion = 16.0.30611.23
MinimumVisualStudioVersion = 10.0.40219.1
Project("{9A19103F-16F7-4668-BE54-9A1E7A4F7556}") = "AWSServerless1", "AWSServerless1.csproj", "{FB891273-D345-4C85-AF3F-CDC5891FBAF9}"
EndProject
Global
	GlobalSection(SolutionConfigurationPlatforms) = preSolution
		Debug|Any CPU = Debug|Any CPU
		Release|Any CPU = Release|Any CPU
	EndGlobalSection
	GlobalSection(ProjectConfigurationPlatforms) = postSolution
		{FB891273-D345-4C85-AF3F-CDC5891FBAF9}.Debug|Any CPU.ActiveCfg = Debug|Any CPU
		{FB891273-D345-4C85-AF3F-CDC5891FBAF9}.Debug|Any CPU.Build.0 = Debug|Any CPU
		{FB891273-D345-4C85-AF3F-CDC5891FBAF9}.Release|Any CPU.ActiveCfg = Release|Any CPU
		{FB891273-D345-4C85-AF3F-CDC5891FBAF9}.Release|Any CPU.Build.0 = Release|Any CPU
	EndGlobalSection
	GlobalSection(SolutionProperties) = preSolution
		HideSolutionNode = FALSE
	EndGlobalSection
	GlobalSection(ExtensibilityGlobals) = postSolution
		SolutionGuid = {5C1314F1-B279-4054-8AA3-F094511C80B3}
	EndGlobalSection
EndGlobal
